
Microsoft Visual Studio Solution File, Format Version 12.00
# Visual Studio Version 17
VisualStudioVersion = 17.11.35005.142
MinimumVisualStudioVersion = 10.0.40219.1
Project("{FAE04EC0-301F-11D3-BF4B-00C04F79EFBC}") = "FinalTest24F", "FinalTest24F.csproj", "{F35575C7-B1D0-4A6C-9AF6-2AD7816A2DE9}"
EndProject
Project("{FAE04EC0-301F-11D3-BF4B-00C04F79EFBC}") = "FinalTestingProject", "..\FinalTestingProject\FinalTestingProject.csproj", "{591CB3CE-C818-4394-80BC-5BBDCBA6CEF9}"
EndProject
Global
	GlobalSection(SolutionConfigurationPlatforms) = preSolution
		Debug|Any CPU = Debug|Any CPU
		Release|Any CPU = Release|Any CPU
	EndGlobalSection
	GlobalSection(ProjectConfigurationPlatforms) = postSolution
		{F35575C7-B1D0-4A6C-9AF6-2AD7816A2DE9}.Debug|Any CPU.ActiveCfg = Debug|Any CPU
		{F35575C7-B1D0-4A6C-9AF6-2AD7816A2DE9}.Debug|Any CPU.Build.0 = Debug|Any CPU
		{F35575C7-B1D0-4A6C-9AF6-2AD7816A2DE9}.Release|Any CPU.ActiveCfg = Release|Any CPU
		{F35575C7-B1D0-4A6C-9AF6-2AD7816A2DE9}.Release|Any CPU.Build.0 = Release|Any CPU
		{591CB3CE-C818-4394-80BC-5BBDCBA6CEF9}.Debug|Any CPU.ActiveCfg = Debug|Any CPU
		{591CB3CE-C818-4394-80BC-5BBDCBA6CEF9}.Debug|Any CPU.Build.0 = Debug|Any CPU
		{591CB3CE-C818-4394-80BC-5BBDCBA6CEF9}.Release|Any CPU.ActiveCfg = Release|Any CPU
		{591CB3CE-C818-4394-80BC-5BBDCBA6CEF9}.Release|Any CPU.Build.0 = Release|Any CPU
	EndGlobalSection
	GlobalSection(SolutionProperties) = preSolution
		HideSolutionNode = FALSE
	EndGlobalSection
	GlobalSection(ExtensibilityGlobals) = postSolution
		SolutionGuid = {123C7470-6F4A-4234-8864-2E7FBD2CE0BE}
	EndGlobalSection
EndGlobal
